// !$*UTF8*$!
{
	archiveVersion = 1;
	classes = {
	};
	objectVersion = 46;
	objects = {

/* Begin PBXBuildFile section */
		20D17FE91A78D3A600C52D5D /* main.m in Sources */ = {isa = PBXBuildFile; fileRef = 20D17FE81A78D3A600C52D5D /* main.m */; };
		20D17FEC1A78D3A600C52D5D /* AppDelegate.m in Sources */ = {isa = PBXBuildFile; fileRef = 20D17FEB1A78D3A600C52D5D /* AppDelegate.m */; };
		20D17FEF1A78D3A600C52D5D /* ViewController.m in Sources */ = {isa = PBXBuildFile; fileRef = 20D17FEE1A78D3A600C52D5D /* ViewController.m */; };
		20D17FF21A78D3A600C52D5D /* Main.storyboard in Resources */ = {isa = PBXBuildFile; fileRef = 20D17FF01A78D3A600C52D5D /* Main.storyboard */; };
		20D17FF41A78D3A600C52D5D /* Images.xcassets in Resources */ = {isa = PBXBuildFile; fileRef = 20D17FF31A78D3A600C52D5D /* Images.xcassets */; };
		20D17FF71A78D3A600C52D5D /* LaunchScreen.xib in Resources */ = {isa = PBXBuildFile; fileRef = 20D17FF51A78D3A600C52D5D /* LaunchScreen.xib */; };
		20D180031A78D3A600C52D5D /* NetImageTests.m in Sources */ = {isa = PBXBuildFile; fileRef = 20D180021A78D3A600C52D5D /* NetImageTests.m */; };
		20D180161A78D3C900C52D5D /* defaultImage@2x.png in Resources */ = {isa = PBXBuildFile; fileRef = 20D1800D1A78D3C900C52D5D /* defaultImage@2x.png */; };
		20D180171A78D3C900C52D5D /* ImageDataPool.m in Sources */ = {isa = PBXBuildFile; fileRef = 20D1800F1A78D3C900C52D5D /* ImageDataPool.m */; };
		20D180181A78D3C900C52D5D /* URLImageOperation.m in Sources */ = {isa = PBXBuildFile; fileRef = 20D180111A78D3C900C52D5D /* URLImageOperation.m */; };
		20D180191A78D3C900C52D5D /* URLImageQueue.m in Sources */ = {isa = PBXBuildFile; fileRef = 20D180131A78D3C900C52D5D /* URLImageQueue.m */; };
		20D1801A1A78D3C900C52D5D /* URLImageView.m in Sources */ = {isa = PBXBuildFile; fileRef = 20D180151A78D3C900C52D5D /* URLImageView.m */; };
/* End PBXBuildFile section */

/* Begin PBXContainerItemProxy section */
		20D17FFD1A78D3A600C52D5D /* PBXContainerItemProxy */ = {
			isa = PBXContainerItemProxy;
			containerPortal = 20D17FDB1A78D3A600C52D5D /* Project object */;
			proxyType = 1;
			remoteGlobalIDString = 20D17FE21A78D3A600C52D5D;
			remoteInfo = NetImage;
		};
/* End PBXContainerItemProxy section */

/* Begin PBXFileReference section */
		20D17FE31A78D3A600C52D5D /* NetImage.app */ = {isa = PBXFileReference; explicitFileType = wrapper.application; includeInIndex = 0; path = NetImage.app; sourceTree = BUILT_PRODUCTS_DIR; };
		20D17FE71A78D3A600C52D5D /* Info.plist */ = {isa = PBXFileReference; lastKnownFileType = text.plist.xml; path = Info.plist; sourceTree = "<group>"; };
		20D17FE81A78D3A600C52D5D /* main.m */ = {isa = PBXFileReference; lastKnownFileType = sourcecode.c.objc; path = main.m; sourceTree = "<group>"; };
		20D17FEA1A78D3A600C52D5D /* AppDelegate.h */ = {isa = PBXFileReference; lastKnownFileType = sourcecode.c.h; path = AppDelegate.h; sourceTree = "<group>"; };
		20D17FEB1A78D3A600C52D5D /* AppDelegate.m */ = {isa = PBXFileReference; lastKnownFileType = sourcecode.c.objc; path = AppDelegate.m; sourceTree = "<group>"; };
		20D17FED1A78D3A600C52D5D /* ViewController.h */ = {isa = PBXFileReference; lastKnownFileType = sourcecode.c.h; path = ViewController.h; sourceTree = "<group>"; };
		20D17FEE1A78D3A600C52D5D /* ViewController.m */ = {isa = PBXFileReference; lastKnownFileType = sourcecode.c.objc; path = ViewController.m; sourceTree = "<group>"; };
		20D17FF11A78D3A600C52D5D /* Base */ = {isa = PBXFileReference; lastKnownFileType = file.storyboard; name = Base; path = Base.lproj/Main.storyboard; sourceTree = "<group>"; };
		20D17FF31A78D3A600C52D5D /* Images.xcassets */ = {isa = PBXFileReference; lastKnownFileType = folder.assetcatalog; path = Images.xcassets; sourceTree = "<group>"; };
		20D17FF61A78D3A600C52D5D /* Base */ = {isa = PBXFileReference; lastKnownFileType = file.xib; name = Base; path = Base.lproj/LaunchScreen.xib; sourceTree = "<group>"; };
		20D17FFC1A78D3A600C52D5D /* NetImageTests.xctest */ = {isa = PBXFileReference; explicitFileType = wrapper.cfbundle; includeInIndex = 0; path = NetImageTests.xctest; sourceTree = BUILT_PRODUCTS_DIR; };
		20D180011A78D3A600C52D5D /* Info.plist */ = {isa = PBXFileReference; lastKnownFileType = text.plist.xml; path = Info.plist; sourceTree = "<group>"; };
		20D180021A78D3A600C52D5D /* NetImageTests.m */ = {isa = PBXFileReference; lastKnownFileType = sourcecode.c.objc; path = NetImageTests.m; sourceTree = "<group>"; };
		20D1800D1A78D3C900C52D5D /* defaultImage@2x.png */ = {isa = PBXFileReference; lastKnownFileType = image.png; path = "defaultImage@2x.png"; sourceTree = "<group>"; };
		20D1800E1A78D3C900C52D5D /* ImageDataPool.h */ = {isa = PBXFileReference; fileEncoding = 4; lastKnownFileType = sourcecode.c.h; path = ImageDataPool.h; sourceTree = "<group>"; };
		20D1800F1A78D3C900C52D5D /* ImageDataPool.m */ = {isa = PBXFileReference; fileEncoding = 4; lastKnownFileType = sourcecode.c.objc; path = ImageDataPool.m; sourceTree = "<group>"; };
		20D180101A78D3C900C52D5D /* URLImageOperation.h */ = {isa = PBXFileReference; fileEncoding = 4; lastKnownFileType = sourcecode.c.h; path = URLImageOperation.h; sourceTree = "<group>"; };
		20D180111A78D3C900C52D5D /* URLImageOperation.m */ = {isa = PBXFileReference; fileEncoding = 4; lastKnownFileType = sourcecode.c.objc; path = URLImageOperation.m; sourceTree = "<group>"; };
		20D180121A78D3C900C52D5D /* URLImageQueue.h */ = {isa = PBXFileReference; fileEncoding = 4; lastKnownFileType = sourcecode.c.h; path = URLImageQueue.h; sourceTree = "<group>"; };
		20D180131A78D3C900C52D5D /* URLImageQueue.m */ = {isa = PBXFileReference; fileEncoding = 4; lastKnownFileType = sourcecode.c.objc; path = URLImageQueue.m; sourceTree = "<group>"; };
		20D180141A78D3C900C52D5D /* URLImageView.h */ = {isa = PBXFileReference; fileEncoding = 4; lastKnownFileType = sourcecode.c.h; path = URLImageView.h; sourceTree = "<group>"; };
		20D180151A78D3C900C52D5D /* URLImageView.m */ = {isa = PBXFileReference; fileEncoding = 4; lastKnownFileType = sourcecode.c.objc; path = URLImageView.m; sourceTree = "<group>"; };
		20D1801B1A78D42F00C52D5D /* SysAsseist.h */ = {isa = PBXFileReference; fileEncoding = 4; lastKnownFileType = sourcecode.c.h; path = SysAsseist.h; sourceTree = "<group>"; };
/* End PBXFileReference section */

/* Begin PBXFrameworksBuildPhase section */
		20D17FE01A78D3A600C52D5D /* Frameworks */ = {
			isa = PBXFrameworksBuildPhase;
			buildActionMask = 2147483647;
			files = (
			);
			runOnlyForDeploymentPostprocessing = 0;
		};
		20D17FF91A78D3A600C52D5D /* Frameworks */ = {
			isa = PBXFrameworksBuildPhase;
			buildActionMask = 2147483647;
			files = (
			);
			runOnlyForDeploymentPostprocessing = 0;
		};
/* End PBXFrameworksBuildPhase section */

/* Begin PBXGroup section */
		20D17FDA1A78D3A600C52D5D = {
			isa = PBXGroup;
			children = (
				20D1800C1A78D3C900C52D5D /* Component */,
				20D17FE51A78D3A600C52D5D /* NetImage */,
				20D17FFF1A78D3A600C52D5D /* NetImageTests */,
				20D17FE41A78D3A600C52D5D /* Products */,
			);
			sourceTree = "<group>";
		};
		20D17FE41A78D3A600C52D5D /* Products */ = {
			isa = PBXGroup;
			children = (
				20D17FE31A78D3A600C52D5D /* NetImage.app */,
				20D17FFC1A78D3A600C52D5D /* NetImageTests.xctest */,
			);
			name = Products;
			sourceTree = "<group>";
		};
		20D17FE51A78D3A600C52D5D /* NetImage */ = {
			isa = PBXGroup;
			children = (
				20D17FEA1A78D3A600C52D5D /* AppDelegate.h */,
				20D17FEB1A78D3A600C52D5D /* AppDelegate.m */,
				20D17FED1A78D3A600C52D5D /* ViewController.h */,
				20D17FEE1A78D3A600C52D5D /* ViewController.m */,
				20D17FF01A78D3A600C52D5D /* Main.storyboard */,
				20D17FF31A78D3A600C52D5D /* Images.xcassets */,
				20D17FF51A78D3A600C52D5D /* LaunchScreen.xib */,
				20D17FE61A78D3A600C52D5D /* Supporting Files */,
			);
			path = NetImage;
			sourceTree = "<group>";
		};
		20D17FE61A78D3A600C52D5D /* Supporting Files */ = {
			isa = PBXGroup;
			children = (
				20D17FE71A78D3A600C52D5D /* Info.plist */,
				20D17FE81A78D3A600C52D5D /* main.m */,
			);
			name = "Supporting Files";
			sourceTree = "<group>";
		};
		20D17FFF1A78D3A600C52D5D /* NetImageTests */ = {
			isa = PBXGroup;
			children = (
				20D180021A78D3A600C52D5D /* NetImageTests.m */,
				20D180001A78D3A600C52D5D /* Supporting Files */,
			);
			path = NetImageTests;
			sourceTree = "<group>";
		};
		20D180001A78D3A600C52D5D /* Supporting Files */ = {
			isa = PBXGroup;
			children = (
				20D180011A78D3A600C52D5D /* Info.plist */,
			);
			name = "Supporting Files";
			sourceTree = "<group>";
		};
		20D1800C1A78D3C900C52D5D /* Component */ = {
			isa = PBXGroup;
			children = (
				20D1801B1A78D42F00C52D5D /* SysAsseist.h */,
				20D1800D1A78D3C900C52D5D /* defaultImage@2x.png */,
				20D1800E1A78D3C900C52D5D /* ImageDataPool.h */,
				20D1800F1A78D3C900C52D5D /* ImageDataPool.m */,
				20D180101A78D3C900C52D5D /* URLImageOperation.h */,
				20D180111A78D3C900C52D5D /* URLImageOperation.m */,
				20D180121A78D3C900C52D5D /* URLImageQueue.h */,
				20D180131A78D3C900C52D5D /* URLImageQueue.m */,
				20D180141A78D3C900C52D5D /* URLImageView.h */,
				20D180151A78D3C900C52D5D /* URLImageView.m */,
			);
			path = Component;
			sourceTree = "<group>";
		};
/* End PBXGroup section */

/* Begin PBXNativeTarget section */
		20D17FE21A78D3A600C52D5D /* NetImage */ = {
			isa = PBXNativeTarget;
			buildConfigurationList = 20D180061A78D3A600C52D5D /* Build configuration list for PBXNativeTarget "NetImage" */;
			buildPhases = (
				20D17FDF1A78D3A600C52D5D /* Sources */,
				20D17FE01A78D3A600C52D5D /* Frameworks */,
				20D17FE11A78D3A600C52D5D /* Resources */,
			);
			buildRules = (
			);
			dependencies = (
			);
			name = NetImage;
			productName = NetImage;
			productReference = 20D17FE31A78D3A600C52D5D /* NetImage.app */;
			productType = "com.apple.product-type.application";
		};
		20D17FFB1A78D3A600C52D5D /* NetImageTests */ = {
			isa = PBXNativeTarget;
			buildConfigurationList = 20D180091A78D3A600C52D5D /* Build configuration list for PBXNativeTarget "NetImageTests" */;
			buildPhases = (
				20D17FF81A78D3A600C52D5D /* Sources */,
				20D17FF91A78D3A600C52D5D /* Frameworks */,
				20D17FFA1A78D3A600C52D5D /* Resources */,
			);
			buildRules = (
			);
			dependencies = (
				20D17FFE1A78D3A600C52D5D /* PBXTargetDependency */,
			);
			name = NetImageTests;
			productName = NetImageTests;
			productReference = 20D17FFC1A78D3A600C52D5D /* NetImageTests.xctest */;
			productType = "com.apple.product-type.bundle.unit-test";
		};
/* End PBXNativeTarget section */

/* Begin PBXProject section */
		20D17FDB1A78D3A600C52D5D /* Project object */ = {
			isa = PBXProject;
			attributes = {
				LastUpgradeCheck = 0610;
				ORGANIZATIONNAME = com.Vacn.;
				TargetAttributes = {
					20D17FE21A78D3A600C52D5D = {
						CreatedOnToolsVersion = 6.1;
					};
					20D17FFB1A78D3A600C52D5D = {
						CreatedOnToolsVersion = 6.1;
						TestTargetID = 20D17FE21A78D3A600C52D5D;
					};
				};
			};
			buildConfigurationList = 20D17FDE1A78D3A600C52D5D /* Build configuration list for PBXProject "NetImage" */;
			compatibilityVersion = "Xcode 3.2";
			developmentRegion = English;
			hasScannedForEncodings = 0;
			knownRegions = (
				en,
				Base,
			);
			mainGroup = 20D17FDA1A78D3A600C52D5D;
			productRefGroup = 20D17FE41A78D3A600C52D5D /* Products */;
			projectDirPath = "";
			projectRoot = "";
			targets = (
				20D17FE21A78D3A600C52D5D /* NetImage */,
				20D17FFB1A78D3A600C52D5D /* NetImageTests */,
			);
		};
/* End PBXProject section */

/* Begin PBXResourcesBuildPhase section */
		20D17FE11A78D3A600C52D5D /* Resources */ = {
			isa = PBXResourcesBuildPhase;
			buildActionMask = 2147483647;
			files = (
				20D180161A78D3C900C52D5D /* defaultImage@2x.png in Resources */,
				20D17FF21A78D3A600C52D5D /* Main.storyboard in Resources */,
				20D17FF71A78D3A600C52D5D /* LaunchScreen.xib in Resources */,
				20D17FF41A78D3A600C52D5D /* Images.xcassets in Resources */,
			);
			runOnlyForDeploymentPostprocessing = 0;
		};
		20D17FFA1A78D3A600C52D5D /* Resources */ = {
			isa = PBXResourcesBuildPhase;
			buildActionMask = 2147483647;
			files = (
			);
			runOnlyForDeploymentPostprocessing = 0;
		};
/* End PBXResourcesBuildPhase section */

/* Begin PBXSourcesBuildPhase section */
		20D17FDF1A78D3A600C52D5D /* Sources */ = {
			isa = PBXSourcesBuildPhase;
			buildActionMask = 2147483647;
			files = (
				20D17FEF1A78D3A600C52D5D /* ViewController.m in Sources */,
				20D180171A78D3C900C52D5D /* ImageDataPool.m in Sources */,
				20D1801A1A78D3C900C52D5D /* URLImageView.m in Sources */,
				20D17FEC1A78D3A600C52D5D /* AppDelegate.m in Sources */,
				20D180181A78D3C900C52D5D /* URLImageOperation.m in Sources */,
				20D17FE91A78D3A600C52D5D /* main.m in Sources */,
				20D180191A78D3C900C52D5D /* URLImageQueue.m in Sources */,
			);
			runOnlyForDeploymentPostprocessing = 0;
		};
		20D17FF81A78D3A600C52D5D /* Sources */ = {
			isa = PBXSourcesBuildPhase;
			buildActionMask = 2147483647;
			files = (
				20D180031A78D3A600C52D5D /* NetImageTests.m in Sources */,
			);
			runOnlyForDeploymentPostprocessing = 0;
		};
/* End PBXSourcesBuildPhase section */

/* Begin PBXTargetDependency section */
		20D17FFE1A78D3A600C52D5D /* PBXTargetDependency */ = {
			isa = PBXTargetDependency;
			target = 20D17FE21A78D3A600C52D5D /* NetImage */;
			targetProxy = 20D17FFD1A78D3A600C52D5D /* PBXContainerItemProxy */;
		};
/* End PBXTargetDependency section */

/* Begin PBXVariantGroup section */
		20D17FF01A78D3A600C52D5D /* Main.storyboard */ = {
			isa = PBXVariantGroup;
			children = (
				20D17FF11A78D3A600C52D5D /* Base */,
			);
			name = Main.storyboard;
			sourceTree = "<group>";
		};
		20D17FF51A78D3A600C52D5D /* LaunchScreen.xib */ = {
			isa = PBXVariantGroup;
			children = (
				20D17FF61A78D3A600C52D5D /* Base */,
			);
			name = LaunchScreen.xib;
			sourceTree = "<group>";
		};
/* End PBXVariantGroup section */

/* Begin XCBuildConfiguration section */
		20D180041A78D3A600C52D5D /* Debug */ = {
			isa = XCBuildConfiguration;
			buildSettings = {
				ALWAYS_SEARCH_USER_PATHS = NO;
				CLANG_CXX_LANGUAGE_STANDARD = "gnu++0x";
				CLANG_CXX_LIBRARY = "libc++";
				CLANG_ENABLE_MODULES = YES;
				CLANG_ENABLE_OBJC_ARC = YES;
				CLANG_WARN_BOOL_CONVERSION = YES;
				CLANG_WARN_CONSTANT_CONVERSION = YES;
				CLANG_WARN_DIRECT_OBJC_ISA_USAGE = YES_ERROR;
				CLANG_WARN_EMPTY_BODY = YES;
				CLANG_WARN_ENUM_CONVERSION = YES;
				CLANG_WARN_INT_CONVERSION = YES;
				CLANG_WARN_OBJC_ROOT_CLASS = YES_ERROR;
				CLANG_WARN_UNREACHABLE_CODE = YES;
				CLANG_WARN__DUPLICATE_METHOD_MATCH = YES;
				"CODE_SIGN_IDENTITY[sdk=iphoneos*]" = "iPhone Developer";
				COPY_PHASE_STRIP = NO;
				ENABLE_STRICT_OBJC_MSGSEND = YES;
				GCC_C_LANGUAGE_STANDARD = gnu99;
				GCC_DYNAMIC_NO_PIC = NO;
				GCC_OPTIMIZATION_LEVEL = 0;
				GCC_PREPROCESSOR_DEFINITIONS = (
					"DEBUG=1",
					"$(inherited)",
				);
				GCC_SYMBOLS_PRIVATE_EXTERN = NO;
				GCC_WARN_64_TO_32_BIT_CONVERSION = YES;
				GCC_WARN_ABOUT_RETURN_TYPE = YES_ERROR;
				GCC_WARN_UNDECLARED_SELECTOR = YES;
				GCC_WARN_UNINITIALIZED_AUTOS = YES_AGGRESSIVE;
				GCC_WARN_UNUSED_FUNCTION = YES;
				GCC_WARN_UNUSED_VARIABLE = YES;
				IPHONEOS_DEPLOYMENT_TARGET = 8.1;
				MTL_ENABLE_DEBUG_INFO = YES;
				ONLY_ACTIVE_ARCH = YES;
				SDKROOT = iphoneos;
			};
			name = Debug;
		};
		20D180051A78D3A600C52D5D /* Release */ = {
			isa = XCBuildConfiguration;
			buildSettings = {
				ALWAYS_SEARCH_USER_PATHS = NO;
				CLANG_CXX_LANGUAGE_STANDARD = "gnu++0x";
				CLANG_CXX_LIBRARY = "libc++";
				CLANG_ENABLE_MODULES = YES;
				CLANG_ENABLE_OBJC_ARC = YES;
				CLANG_WARN_BOOL_CONVERSION = YES;
				CLANG_WARN_CONSTANT_CONVERSION = YES;
				CLANG_WARN_DIRECT_OBJC_ISA_USAGE = YES_ERROR;
				CLANG_WARN_EMPTY_BODY = YES;
				CLANG_WARN_ENUM_CONVERSION = YES;
				CLANG_WARN_INT_CONVERSION = YES;
				CLANG_WARN_OBJC_ROOT_CLASS = YES_ERROR;
				CLANG_WARN_UNREACHABLE_CODE = YES;
				CLANG_WARN__DUPLICATE_METHOD_MATCH = YES;
				"CODE_SIGN_IDENTITY[sdk=iphoneos*]" = "iPhone Developer";
				COPY_PHASE_STRIP = YES;
				ENABLE_NS_ASSERTIONS = NO;
				ENABLE_STRICT_OBJC_MSGSEND = YES;
				GCC_C_LANGUAGE_STANDARD = gnu99;
				GCC_WARN_64_TO_32_BIT_CONVERSION = YES;
				GCC_WARN_ABOUT_RETURN_TYPE = YES_ERROR;
				GCC_WARN_UNDECLARED_SELECTOR = YES;
				GCC_WARN_UNINITIALIZED_AUTOS = YES_AGGRESSIVE;
				GCC_WARN_UNUSED_FUNCTION = YES;
				GCC_WARN_UNUSED_VARIABLE = YES;
				IPHONEOS_DEPLOYMENT_TARGET = 8.1;
				MTL_ENABLE_DEBUG_INFO = NO;
				SDKROOT = iphoneos;
				VALIDATE_PRODUCT = YES;
			};
			name = Release;
		};
		20D180071A78D3A600C52D5D /* Debug */ = {
			isa = XCBuildConfiguration;
			buildSettings = {
				ASSETCATALOG_COMPILER_APPICON_NAME = AppIcon;
				INFOPLIST_FILE = NetImage/Info.plist;
				LD_RUNPATH_SEARCH_PATHS = "$(inherited) @executable_path/Frameworks";
				PRODUCT_NAME = "$(TARGET_NAME)";
			};
			name = Debug;
		};
		20D180081A78D3A600C52D5D /* Release */ = {
			isa = XCBuildConfiguration;
			buildSettings = {
				ASSETCATALOG_COMPILER_APPICON_NAME = AppIcon;
				INFOPLIST_FILE = NetImage/Info.plist;
				LD_RUNPATH_SEARCH_PATHS = "$(inherited) @executable_path/Frameworks";
				PRODUCT_NAME = "$(TARGET_NAME)";
			};
			name = Release;
		};
		20D1800A1A78D3A600C52D5D /* Debug */ = {
			isa = XCBuildConfiguration;
			buildSettings = {
				BUNDLE_LOADER = "$(TEST_HOST)";
				FRAMEWORK_SEARCH_PATHS = (
					"$(SDKROOT)/Developer/Library/Frameworks",
					"$(inherited)",
				);
				GCC_PREPROCESSOR_DEFINITIONS = (
					"DEBUG=1",
					"$(inherited)",
				);
				INFOPLIST_FILE = NetImageTests/Info.plist;
				LD_RUNPATH_SEARCH_PATHS = "$(inherited) @executable_path/Frameworks @loader_path/Frameworks";
				PRODUCT_NAME = "$(TARGET_NAME)";
				TEST_HOST = "$(BUILT_PRODUCTS_DIR)/NetImage.app/NetImage";
			};
			name = Debug;
		};
		20D1800B1A78D3A600C52D5D /* Release */ = {
			isa = XCBuildConfiguration;
			buildSettings = {
				BUNDLE_LOADER = "$(TEST_HOST)";
				FRAMEWORK_SEARCH_PATHS = (
					"$(SDKROOT)/Developer/Library/Frameworks",
					"$(inherited)",
				);
				INFOPLIST_FILE = NetImageTests/Info.plist;
				LD_RUNPATH_SEARCH_PATHS = "$(inherited) @executable_path/Frameworks @loader_path/Frameworks";
				PRODUCT_NAME = "$(TARGET_NAME)";
				TEST_HOST = "$(BUILT_PRODUCTS_DIR)/NetImage.app/NetImage";
			};
			name = Release;
		};
/* End XCBuildConfiguration section */

/* Begin XCConfigurationList section */
		20D17FDE1A78D3A600C52D5D /* Build configuration list for PBXProject "NetImage" */ = {
			isa = XCConfigurationList;
			buildConfigurations = (
				20D180041A78D3A600C52D5D /* Debug */,
				20D180051A78D3A600C52D5D /* Release */,
			);
			defaultConfigurationIsVisible = 0;
			defaultConfigurationName = Release;
		};
		20D180061A78D3A600C52D5D /* Build configuration list for PBXNativeTarget "NetImage" */ = {
			isa = XCConfigurationList;
			buildConfigurations = (
				20D180071A78D3A600C52D5D /* Debug */,
				20D180081A78D3A600C52D5D /* Release */,
			);
			defaultConfigurationIsVisible = 0;
		};
		20D180091A78D3A600C52D5D /* Build configuration list for PBXNativeTarget "NetImageTests" */ = {
			isa = XCConfigurationList;
			buildConfigurations = (
				20D1800A1A78D3A600C52D5D /* Debug */,
				20D1800B1A78D3A600C52D5D /* Release */,
			);
			defaultConfigurationIsVisible = 0;
		};
/* End XCConfigurationList section */
	};
	rootObject = 20D17FDB1A78D3A600C52D5D /* Project object */;
}
